# This file is automatically @generated by Poetry 1.4.2 and should not be changed by hand.

[[package]]
name = "minizinc"
version = "0.9.0"
description = "Access MiniZinc directly from Python"
category = "main"
optional = false
python-versions = ">=3.7,<4.0"
files = [
    {file = "minizinc-0.9.0-py3-none-any.whl", hash = "sha256:cf50f0de07a93eca141d4a984dd623c0794898558ca9d22771bdf67817ae86fd"},
    {file = "minizinc-0.9.0.tar.gz", hash = "sha256:5a85d4183bc3451ed48a1f8b7589755e13f557e8701cca32ab3f33c03c9f5c5b"},
]

[package.extras]
dzn = ["lark-parser (>=0.12.0,<0.13.0)"]

[metadata]
lock-version = "2.0"
python-versions = "^3.10"
content-hash = "0bb80098a4b444366eb4ccc618a20642162707de5e5215b70688b054d37df5ff"
